schema: '2.0'
stages:
  prepare:
    cmd: python src/prepare.py
    deps:
    - path: requirements.txt
      hash: md5
      md5: 7d94dd3a61b5cf5f4761cf5d215bdfc4
      size: 170
    - path: src/prepare.py
      hash: md5
      md5: 8d98f07c9ebddec70b35ee716d3a551f
      size: 678
    outs:
    - path: data/raw
      hash: md5
      md5: e58ffa629ba2153db86a355835d5032b.dir
      size: 30869943
      nfiles: 2
  train:
    cmd: python src/train.py
    deps:
    - path: data/processed
      hash: md5
      md5: 489b1e94d167d2e3a3cd9781f78d5d4d.dir
      size: 45395187
      nfiles: 3
    - path: src/train.py
      hash: md5
      md5: 39fc0f0314fbf5d5aee8fc026900938d
      size: 2516
    params:
      params.yaml:
        train.batch_size: 128
        train.dense_units: 256
        train.dropout_rate: 0.2
        train.epochs: 20
        train.learning_rate: 0.001
        train.seed: 42
    outs:
    - path: models
      hash: md5
      md5: 3b32babb31086abc38440a5d20167d98.dir
      size: 2468557
      nfiles: 2
  evaluate:
    cmd: python src/evaluate.py
    deps:
    - path: data/processed/test.npz
      hash: md5
      md5: 1a141a77a142867dd406b3bd8eafef20
      size: 6509652
    - path: models/model.h5
      hash: md5
      md5: d5cfb17c3ddf2abf7bef5832158cc7c9
      size: 2466904
    - path: src/evaluate.py
      hash: md5
      md5: 979335380d9f978f179ff52148f8b299
      size: 2695
    params:
      params.yaml:
        train.batch_size: 128
    outs:
    - path: metrics.json
      hash: md5
      md5: cc2f20b4989a129c2fd5618bd57cc942
      size: 163
    - path: reports/evaluation
      hash: md5
      md5: 98b1d7f013bd108cc3c3ff579877ce98.dir
      size: 133845
      nfiles: 3
